{
  "nodes": {
    "agenix": {
      "inputs": {
        "flake-utils": "flake-utils",
        "nixpkgs": [
          "nixpkgs"
        ]
      },
      "locked": {
        "lastModified": 1614636489,
        "narHash": "sha256-VntWWhlx4zvGJVdQet9dTOiC2bBvW1xzDQ9ug1eQ8IQ=",
        "owner": "ryantm",
        "repo": "agenix",
        "rev": "9eb981eeb552e0856cb562b7643b311933a0e992",
        "type": "github"
      },
      "original": {
        "owner": "ryantm",
        "repo": "agenix",
        "type": "github"
      }
    },
    "flake-utils": {
      "locked": {
        "lastModified": 1600209923,
        "narHash": "sha256-zoOWauTliFEjI++esk6Jzk7QO5EKpddWXQm9yQK24iM=",
        "owner": "numtide",
        "repo": "flake-utils",
        "rev": "3cd06d3c1df6879c9e41cb2c33113df10566c760",
        "type": "github"
      },
      "original": {
        "owner": "numtide",
        "repo": "flake-utils",
        "type": "github"
      }
    },
    "nixpkgs": {
      "locked": {
        "lastModified": 1615259932,
        "narHash": "sha256-IXecmbqCr+XCtFwzBO3tHEd8PoJ4X4EyPZebKbV2ioE=",
        "owner": "NixOS",
        "repo": "nixpkgs",
        "rev": "29b0d4d0b600f8f5dd0b86e3362a33d4181938f9",
        "type": "github"
      },
      "original": {
        "owner": "NixOS",
        "ref": "nixos-unstable",
        "repo": "nixpkgs",
        "type": "github"
      }
    },
    "pipewire": {
      "flake": false,
      "locked": {
        "lastModified": 1615062678,
        "narHash": "sha256-7aTBeeL2TZYNJkYEeXT0xmX9QR1bIl3y5fCw38VgQ7g=",
        "ref": "master",
        "rev": "6324298bc5a716bb301918cfef7f31045e211883",
        "revCount": 5758,
        "type": "git",
        "url": "https://gitlab.freedesktop.org/pipewire/pipewire"
      },
      "original": {
        "type": "git",
        "url": "https://gitlab.freedesktop.org/pipewire/pipewire"
      }
    },
    "root": {
      "inputs": {
        "agenix": "agenix",
        "nixpkgs": "nixpkgs",
        "pipewire": "pipewire"
      }
    }
  },
  "root": "root",
  "version": 7
}
