{
  "nodes": {
    "nixpkgs": {
      "locked": {
        "lastModified": 1613761605,
        "narHash": "sha256-lUF6UPR96ZzQC0faNXBHLoLhNAdxZqYqDwz0PaIZ/7Y=",
        "owner": "NixOS",
        "repo": "nixpkgs",
        "rev": "9816b99e71c3504b0b4c1f8b2e004148460029d4",
        "type": "github"
      },
      "original": {
        "id": "nixpkgs",
        "ref": "nixos-unstable",
        "type": "indirect"
      }
    },
    "pipewire": {
      "flake": false,
      "locked": {
        "lastModified": 1613896982,
        "narHash": "sha256-+9sLK7Q7ey/1sLNj6pAiWvm4eNZdICH2zhYCWqiDpdI=",
        "ref": "master",
        "rev": "1c3a17362e5ea2572abec8522bb674f140cb61ce",
        "revCount": 5655,
        "type": "git",
        "url": "https://gitlab.freedesktop.org/pipewire/pipewire"
      },
      "original": {
        "type": "git",
        "url": "https://gitlab.freedesktop.org/pipewire/pipewire"
      }
    },
    "root": {
      "inputs": {
        "nixpkgs": "nixpkgs",
        "pipewire": "pipewire"
      }
    }
  },
  "root": "root",
  "version": 7
}
